
Microsoft Visual Studio Solution File, Format Version 12.00
# Visual Studio Version 17
VisualStudioVersion = 17.4.33103.184
MinimumVisualStudioVersion = 10.0.40219.1
Project("{9A19103F-16F7-4668-BE54-9A1E7A4F7556}") = "AZforDev", "AZforDev\AZforDev.csproj", "{C2AF34C1-82DA-48EE-B0F5-07169B5192DC}"
EndProject
Project("{9A19103F-16F7-4668-BE54-9A1E7A4F7556}") = "AZforDevBackEndFunc", "AZforDevBackEndFunc\AZforDevBackEndFunc.csproj", "{7ED97CA9-2A22-402A-9E52-AACE4D7E7A98}"
EndProject
Project("{9A19103F-16F7-4668-BE54-9A1E7A4F7556}") = "FunctionApp1", "FunctionApp1\FunctionApp1.csproj", "{DDDD64A8-A9C2-4C18-BF60-74D5625E5D95}"
EndProject
Project("{9A19103F-16F7-4668-BE54-9A1E7A4F7556}") = "reactBlobFunc", "reactBlobFunc\reactBlobFunc.csproj", "{80D2B206-FA0B-4D01-BD45-5970F3DBE5B0}"
EndProject
Project("{FAE04EC0-301F-11D3-BF4B-00C04F79EFBC}") = "BlazorClientAuthent", "BlazorClientAuthent\BlazorClientAuthent.csproj", "{B4C5F0B7-7ABE-4C4A-AB6F-A7C7CFBEC6F4}"
EndProject
Global
	GlobalSection(SolutionConfigurationPlatforms) = preSolution
		Debug|Any CPU = Debug|Any CPU
		Release|Any CPU = Release|Any CPU
	EndGlobalSection
	GlobalSection(ProjectConfigurationPlatforms) = postSolution
		{C2AF34C1-82DA-48EE-B0F5-07169B5192DC}.Debug|Any CPU.ActiveCfg = Debug|Any CPU
		{C2AF34C1-82DA-48EE-B0F5-07169B5192DC}.Debug|Any CPU.Build.0 = Debug|Any CPU
		{C2AF34C1-82DA-48EE-B0F5-07169B5192DC}.Release|Any CPU.ActiveCfg = Release|Any CPU
		{C2AF34C1-82DA-48EE-B0F5-07169B5192DC}.Release|Any CPU.Build.0 = Release|Any CPU
		{7ED97CA9-2A22-402A-9E52-AACE4D7E7A98}.Debug|Any CPU.ActiveCfg = Debug|Any CPU
		{7ED97CA9-2A22-402A-9E52-AACE4D7E7A98}.Debug|Any CPU.Build.0 = Debug|Any CPU
		{7ED97CA9-2A22-402A-9E52-AACE4D7E7A98}.Release|Any CPU.ActiveCfg = Release|Any CPU
		{7ED97CA9-2A22-402A-9E52-AACE4D7E7A98}.Release|Any CPU.Build.0 = Release|Any CPU
		{DDDD64A8-A9C2-4C18-BF60-74D5625E5D95}.Debug|Any CPU.ActiveCfg = Debug|Any CPU
		{DDDD64A8-A9C2-4C18-BF60-74D5625E5D95}.Debug|Any CPU.Build.0 = Debug|Any CPU
		{DDDD64A8-A9C2-4C18-BF60-74D5625E5D95}.Release|Any CPU.ActiveCfg = Release|Any CPU
		{DDDD64A8-A9C2-4C18-BF60-74D5625E5D95}.Release|Any CPU.Build.0 = Release|Any CPU
		{80D2B206-FA0B-4D01-BD45-5970F3DBE5B0}.Debug|Any CPU.ActiveCfg = Debug|Any CPU
		{80D2B206-FA0B-4D01-BD45-5970F3DBE5B0}.Debug|Any CPU.Build.0 = Debug|Any CPU
		{80D2B206-FA0B-4D01-BD45-5970F3DBE5B0}.Release|Any CPU.ActiveCfg = Release|Any CPU
		{80D2B206-FA0B-4D01-BD45-5970F3DBE5B0}.Release|Any CPU.Build.0 = Release|Any CPU
		{B4C5F0B7-7ABE-4C4A-AB6F-A7C7CFBEC6F4}.Debug|Any CPU.ActiveCfg = Debug|Any CPU
		{B4C5F0B7-7ABE-4C4A-AB6F-A7C7CFBEC6F4}.Debug|Any CPU.Build.0 = Debug|Any CPU
		{B4C5F0B7-7ABE-4C4A-AB6F-A7C7CFBEC6F4}.Release|Any CPU.ActiveCfg = Release|Any CPU
		{B4C5F0B7-7ABE-4C4A-AB6F-A7C7CFBEC6F4}.Release|Any CPU.Build.0 = Release|Any CPU
	EndGlobalSection
	GlobalSection(SolutionProperties) = preSolution
		HideSolutionNode = FALSE
	EndGlobalSection
	GlobalSection(ExtensibilityGlobals) = postSolution
		SolutionGuid = {1887241D-2812-4465-A5C0-DAF5D55C186A}
	EndGlobalSection
EndGlobal
